
Microsoft Visual Studio Solution File, Format Version 12.00
# Visual Studio Version 16
VisualStudioVersion = 16.0.28803.352
MinimumVisualStudioVersion = 10.0.40219.1
Project("{FAE04EC0-301F-11D3-BF4B-00C04F79EFBC}") = "NxFileViewer", "NxFileViewer\NxFileViewer.csproj", "{511625D7-D6DF-4CB7-ADD1-DDE606D57FCE}"
EndProject
Project("{FAE04EC0-301F-11D3-BF4B-00C04F79EFBC}") = "NxFileViewer.Test", "NxFileViewer.Test\NxFileViewer.Test.csproj", "{98794B6C-6137-48C5-A8A1-E2488C4865E4}"
EndProject
Project("{9A19103F-16F7-4668-BE54-9A1E7A4F7556}") = "LibHac", "LibHac\src\LibHac\LibHac.csproj", "{3769F98B-862E-45AC-8892-164FF53A0CF2}"
EndProject
Global
	GlobalSection(SolutionConfigurationPlatforms) = preSolution
		Debug|Any CPU = Debug|Any CPU
		Release|Any CPU = Release|Any CPU
	EndGlobalSection
	GlobalSection(ProjectConfigurationPlatforms) = postSolution
		{511625D7-D6DF-4CB7-ADD1-DDE606D57FCE}.Debug|Any CPU.ActiveCfg = Debug|Any CPU
		{511625D7-D6DF-4CB7-ADD1-DDE606D57FCE}.Debug|Any CPU.Build.0 = Debug|Any CPU
		{511625D7-D6DF-4CB7-ADD1-DDE606D57FCE}.Release|Any CPU.ActiveCfg = Release|Any CPU
		{511625D7-D6DF-4CB7-ADD1-DDE606D57FCE}.Release|Any CPU.Build.0 = Release|Any CPU
		{98794B6C-6137-48C5-A8A1-E2488C4865E4}.Debug|Any CPU.ActiveCfg = Debug|Any CPU
		{98794B6C-6137-48C5-A8A1-E2488C4865E4}.Debug|Any CPU.Build.0 = Debug|Any CPU
		{98794B6C-6137-48C5-A8A1-E2488C4865E4}.Release|Any CPU.ActiveCfg = Release|Any CPU
		{98794B6C-6137-48C5-A8A1-E2488C4865E4}.Release|Any CPU.Build.0 = Release|Any CPU
		{3769F98B-862E-45AC-8892-164FF53A0CF2}.Debug|Any CPU.ActiveCfg = Debug|Any CPU
		{3769F98B-862E-45AC-8892-164FF53A0CF2}.Debug|Any CPU.Build.0 = Debug|Any CPU
		{3769F98B-862E-45AC-8892-164FF53A0CF2}.Release|Any CPU.ActiveCfg = Release|Any CPU
		{3769F98B-862E-45AC-8892-164FF53A0CF2}.Release|Any CPU.Build.0 = Release|Any CPU
	EndGlobalSection
	GlobalSection(SolutionProperties) = preSolution
		HideSolutionNode = FALSE
	EndGlobalSection
	GlobalSection(ExtensibilityGlobals) = postSolution
		SolutionGuid = {A68F93E6-AF26-42D5-80A2-9B27D9737C59}
	EndGlobalSection
EndGlobal
