
Microsoft Visual Studio Solution File, Format Version 12.00
# Visual Studio Version 17
VisualStudioVersion = 17.0.32002.185
MinimumVisualStudioVersion = 10.0.40219.1
Project("{9A19103F-16F7-4668-BE54-9A1E7A4F7556}") = "NxFileViewer", "NxFileViewer\NxFileViewer.csproj", "{AE1B6D6F-5F73-4ECD-86C8-F7C0B55793D7}"
EndProject
Project("{2150E333-8FDC-42A3-9474-1A3956D46DE8}") = "Solution Items", "Solution Items", "{CD40D499-FF64-434D-BEA9-4393195FFD33}"
	ProjectSection(SolutionItems) = preProject
		..\LICENSE = ..\LICENSE
		..\Publish.ps1 = ..\Publish.ps1
		..\README.md = ..\README.md
	EndProjectSection
EndProject
Project("{2150E333-8FDC-42A3-9474-1A3956D46DE8}") = "Screenshots", "Screenshots", "{B31909B9-EDA7-464A-B808-EDF829939B71}"
	ProjectSection(SolutionItems) = preProject
		..\screenshots\Content.png = ..\screenshots\Content.png
		..\screenshots\Overview.png = ..\screenshots\Overview.png
		..\screenshots\Rename.png = ..\screenshots\Rename.png
		..\screenshots\Settings.png = ..\screenshots\Settings.png
	EndProjectSection
EndProject
Project("{9A19103F-16F7-4668-BE54-9A1E7A4F7556}") = "NxFileViewer.Test", "NxFileViewer.Test\NxFileViewer.Test.csproj", "{55B6DEB7-0DFB-4C7F-834D-09D7AFC60847}"
EndProject
Project("{FAE04EC0-301F-11D3-BF4B-00C04F79EFBC}") = "LibHac.NSZ", "LibHac.NSZ\LibHac.NSZ.csproj", "{FCF6618D-D908-42AA-A4FC-DCB536E359EA}"
EndProject
Project("{FAE04EC0-301F-11D3-BF4B-00C04F79EFBC}") = "LibHac.NSZ.Test", "LibHac.NSZ.Test\LibHac.NSZ.Test.csproj", "{A3C75413-8293-4C0A-B9DC-0B41B0F9350C}"
EndProject
Global
	GlobalSection(SolutionConfigurationPlatforms) = preSolution
		Debug|Any CPU = Debug|Any CPU
		Release|Any CPU = Release|Any CPU
	EndGlobalSection
	GlobalSection(ProjectConfigurationPlatforms) = postSolution
		{AE1B6D6F-5F73-4ECD-86C8-F7C0B55793D7}.Debug|Any CPU.ActiveCfg = Debug|Any CPU
		{AE1B6D6F-5F73-4ECD-86C8-F7C0B55793D7}.Debug|Any CPU.Build.0 = Debug|Any CPU
		{AE1B6D6F-5F73-4ECD-86C8-F7C0B55793D7}.Release|Any CPU.ActiveCfg = Release|Any CPU
		{AE1B6D6F-5F73-4ECD-86C8-F7C0B55793D7}.Release|Any CPU.Build.0 = Release|Any CPU
		{55B6DEB7-0DFB-4C7F-834D-09D7AFC60847}.Debug|Any CPU.ActiveCfg = Debug|Any CPU
		{55B6DEB7-0DFB-4C7F-834D-09D7AFC60847}.Debug|Any CPU.Build.0 = Debug|Any CPU
		{55B6DEB7-0DFB-4C7F-834D-09D7AFC60847}.Release|Any CPU.ActiveCfg = Release|Any CPU
		{55B6DEB7-0DFB-4C7F-834D-09D7AFC60847}.Release|Any CPU.Build.0 = Release|Any CPU
		{FCF6618D-D908-42AA-A4FC-DCB536E359EA}.Debug|Any CPU.ActiveCfg = Debug|Any CPU
		{FCF6618D-D908-42AA-A4FC-DCB536E359EA}.Debug|Any CPU.Build.0 = Debug|Any CPU
		{FCF6618D-D908-42AA-A4FC-DCB536E359EA}.Release|Any CPU.ActiveCfg = Release|Any CPU
		{FCF6618D-D908-42AA-A4FC-DCB536E359EA}.Release|Any CPU.Build.0 = Release|Any CPU
		{A3C75413-8293-4C0A-B9DC-0B41B0F9350C}.Debug|Any CPU.ActiveCfg = Debug|Any CPU
		{A3C75413-8293-4C0A-B9DC-0B41B0F9350C}.Debug|Any CPU.Build.0 = Debug|Any CPU
		{A3C75413-8293-4C0A-B9DC-0B41B0F9350C}.Release|Any CPU.ActiveCfg = Release|Any CPU
		{A3C75413-8293-4C0A-B9DC-0B41B0F9350C}.Release|Any CPU.Build.0 = Release|Any CPU
	EndGlobalSection
	GlobalSection(SolutionProperties) = preSolution
		HideSolutionNode = FALSE
	EndGlobalSection
	GlobalSection(NestedProjects) = preSolution
		{B31909B9-EDA7-464A-B808-EDF829939B71} = {CD40D499-FF64-434D-BEA9-4393195FFD33}
	EndGlobalSection
	GlobalSection(ExtensibilityGlobals) = postSolution
		SolutionGuid = {A68F93E6-AF26-42D5-80A2-9B27D9737C59}
	EndGlobalSection
EndGlobal
